
Microsoft Visual Studio Solution File, Format Version 12.00
# Visual Studio Version 17
VisualStudioVersion = 17.0.31717.71
MinimumVisualStudioVersion = 10.0.40219.1
Project("{9A19103F-16F7-4668-BE54-9A1E7A4F7556}") = "Feedback.WebApplicationUI", "Feedback.WebApplicationUI.csproj", "{A03EF56B-7327-4C9F-9F1D-0D1D51EDE541}"
EndProject
Global
	GlobalSection(SolutionConfigurationPlatforms) = preSolution
		Debug|Any CPU = Debug|Any CPU
		Release|Any CPU = Release|Any CPU
	EndGlobalSection
	GlobalSection(ProjectConfigurationPlatforms) = postSolution
		{A03EF56B-7327-4C9F-9F1D-0D1D51EDE541}.Debug|Any CPU.ActiveCfg = Debug|Any CPU
		{A03EF56B-7327-4C9F-9F1D-0D1D51EDE541}.Debug|Any CPU.Build.0 = Debug|Any CPU
		{A03EF56B-7327-4C9F-9F1D-0D1D51EDE541}.Release|Any CPU.ActiveCfg = Release|Any CPU
		{A03EF56B-7327-4C9F-9F1D-0D1D51EDE541}.Release|Any CPU.Build.0 = Release|Any CPU
	EndGlobalSection
	GlobalSection(SolutionProperties) = preSolution
		HideSolutionNode = FALSE
	EndGlobalSection
	GlobalSection(ExtensibilityGlobals) = postSolution
		SolutionGuid = {C3AA0B65-0742-438A-8024-73AB96159C09}
	EndGlobalSection
EndGlobal